
Microsoft Visual Studio Solution File, Format Version 12.00
# Visual Studio Version 17
VisualStudioVersion = 17.5.002.0
MinimumVisualStudioVersion = 10.0.40219.1
Project("{2150E333-8FDC-42A3-9474-1A3956D46DE8}") = "csharp-prep", "csharp-prep", "{2DD74459-77FB-4B0C-AEE8-431191BE135E}"
EndProject
Project("{9A19103F-16F7-4668-BE54-9A1E7A4F7556}") = "Prep1", "csharp-prep\Prep1\Prep1.csproj", "{6F6D4BA9-A056-47EE-8B55-3998B74769FF}"
EndProject
Project("{9A19103F-16F7-4668-BE54-9A1E7A4F7556}") = "Prep2", "csharp-prep\Prep2\Prep2.csproj", "{15FA6E5E-B0E0-412A-8339-0161FEB106CB}"
EndProject
Project("{9A19103F-16F7-4668-BE54-9A1E7A4F7556}") = "Prep3", "csharp-prep\Prep3\Prep3.csproj", "{A053C1C0-CA06-44A2-8C96-A1248F1C4B7D}"
EndProject
Project("{9A19103F-16F7-4668-BE54-9A1E7A4F7556}") = "Prep4", "csharp-prep\Prep4\Prep4.csproj", "{FF4C7366-D233-4A1B-8C3F-06F7446754F1}"
EndProject
Project("{9A19103F-16F7-4668-BE54-9A1E7A4F7556}") = "Prep5", "csharp-prep\Prep5\Prep5.csproj", "{50EFD78E-6A94-49F7-8381-904432F0C879}"
EndProject
Project("{2150E333-8FDC-42A3-9474-1A3956D46DE8}") = "final", "final", "{4054001A-D258-4F41-81CB-C6540C787D8F}"
EndProject
Project("{9A19103F-16F7-4668-BE54-9A1E7A4F7556}") = "FinalProject", "final\FinalProject\FinalProject.csproj", "{D35F4539-B343-414D-8AE9-7E70A6DB63C6}"
EndProject
Project("{9A19103F-16F7-4668-BE54-9A1E7A4F7556}") = "Foundation1", "final\Foundation1\Foundation1.csproj", "{45CF31D1-8650-4223-B924-84BE7CB8EF0F}"
EndProject
Project("{9A19103F-16F7-4668-BE54-9A1E7A4F7556}") = "Foundation2", "final\Foundation2\Foundation2.csproj", "{31EEECD9-A869-4B01-8346-EE4E1AB9FFD6}"
EndProject
Project("{9A19103F-16F7-4668-BE54-9A1E7A4F7556}") = "Foundation3", "final\Foundation3\Foundation3.csproj", "{6F99E548-93E2-4058-8CF2-2E5B7ED39DBF}"
EndProject
Project("{9A19103F-16F7-4668-BE54-9A1E7A4F7556}") = "Foundation4", "final\Foundation4\Foundation4.csproj", "{439918B6-68F1-4159-8C49-85BE7C5F3542}"
EndProject
Project("{2150E333-8FDC-42A3-9474-1A3956D46DE8}") = "prepare", "prepare", "{1A927499-3B80-4ABC-85A9-044194A1AD0B}"
EndProject
Project("{9A19103F-16F7-4668-BE54-9A1E7A4F7556}") = "Learning02", "prepare\Learning02\Learning02.csproj", "{092B0827-06A1-4D20-BA10-F49FF3626165}"
EndProject
Project("{9A19103F-16F7-4668-BE54-9A1E7A4F7556}") = "Learning03", "prepare\Learning03\Learning03.csproj", "{1A5C7535-B013-4465-923F-AED2A58D13BE}"
EndProject
Project("{9A19103F-16F7-4668-BE54-9A1E7A4F7556}") = "Learning04", "prepare\Learning04\Learning04.csproj", "{FA3F968A-1248-48E6-84AD-52021AA75F93}"
EndProject
Project("{9A19103F-16F7-4668-BE54-9A1E7A4F7556}") = "Learning05", "prepare\Learning05\Learning05.csproj", "{896C5ACA-81B7-4842-B147-0F9B478B6AAF}"
EndProject
Project("{2150E333-8FDC-42A3-9474-1A3956D46DE8}") = "prove", "prove", "{4CD65B76-8E29-4322-A70C-FB267EF8FEAB}"
EndProject
Project("{9A19103F-16F7-4668-BE54-9A1E7A4F7556}") = "Develop02", "prove\Develop02\Develop02.csproj", "{BA641749-4E99-4FA5-B2D8-D1BDBB70E0DA}"
EndProject
Project("{9A19103F-16F7-4668-BE54-9A1E7A4F7556}") = "Develop03", "prove\Develop03\Develop03.csproj", "{F61BDA05-CA0F-449A-8E64-BAB766AD4542}"
EndProject
Project("{9A19103F-16F7-4668-BE54-9A1E7A4F7556}") = "Develop04", "prove\Develop04\Develop04.csproj", "{1AEB3861-C16B-4B9F-8908-14B036086B00}"
EndProject
Project("{9A19103F-16F7-4668-BE54-9A1E7A4F7556}") = "Develop05", "prove\Develop05\Develop05.csproj", "{3A421107-B62C-4379-8D77-BB49B18C276F}"
EndProject
Project("{2150E333-8FDC-42A3-9474-1A3956D46DE8}") = "sandbox", "sandbox", "{405122C2-6B48-4959-BB48-A8E6731FF764}"
EndProject
Project("{9A19103F-16F7-4668-BE54-9A1E7A4F7556}") = "Sandbox", "sandbox\Sandbox\Sandbox.csproj", "{44F2FD9D-B146-4223-99B5-E0D3FC3F165E}"
EndProject
Global
	GlobalSection(SolutionConfigurationPlatforms) = preSolution
		Debug|Any CPU = Debug|Any CPU
		Release|Any CPU = Release|Any CPU
	EndGlobalSection
	GlobalSection(ProjectConfigurationPlatforms) = postSolution
		{6F6D4BA9-A056-47EE-8B55-3998B74769FF}.Debug|Any CPU.ActiveCfg = Debug|Any CPU
		{6F6D4BA9-A056-47EE-8B55-3998B74769FF}.Debug|Any CPU.Build.0 = Debug|Any CPU
		{6F6D4BA9-A056-47EE-8B55-3998B74769FF}.Release|Any CPU.ActiveCfg = Release|Any CPU
		{6F6D4BA9-A056-47EE-8B55-3998B74769FF}.Release|Any CPU.Build.0 = Release|Any CPU
		{15FA6E5E-B0E0-412A-8339-0161FEB106CB}.Debug|Any CPU.ActiveCfg = Debug|Any CPU
		{15FA6E5E-B0E0-412A-8339-0161FEB106CB}.Debug|Any CPU.Build.0 = Debug|Any CPU
		{15FA6E5E-B0E0-412A-8339-0161FEB106CB}.Release|Any CPU.ActiveCfg = Release|Any CPU
		{15FA6E5E-B0E0-412A-8339-0161FEB106CB}.Release|Any CPU.Build.0 = Release|Any CPU
		{A053C1C0-CA06-44A2-8C96-A1248F1C4B7D}.Debug|Any CPU.ActiveCfg = Debug|Any CPU
		{A053C1C0-CA06-44A2-8C96-A1248F1C4B7D}.Debug|Any CPU.Build.0 = Debug|Any CPU
		{A053C1C0-CA06-44A2-8C96-A1248F1C4B7D}.Release|Any CPU.ActiveCfg = Release|Any CPU
		{A053C1C0-CA06-44A2-8C96-A1248F1C4B7D}.Release|Any CPU.Build.0 = Release|Any CPU
		{FF4C7366-D233-4A1B-8C3F-06F7446754F1}.Debug|Any CPU.ActiveCfg = Debug|Any CPU
		{FF4C7366-D233-4A1B-8C3F-06F7446754F1}.Debug|Any CPU.Build.0 = Debug|Any CPU
		{FF4C7366-D233-4A1B-8C3F-06F7446754F1}.Release|Any CPU.ActiveCfg = Release|Any CPU
		{FF4C7366-D233-4A1B-8C3F-06F7446754F1}.Release|Any CPU.Build.0 = Release|Any CPU
		{50EFD78E-6A94-49F7-8381-904432F0C879}.Debug|Any CPU.ActiveCfg = Debug|Any CPU
		{50EFD78E-6A94-49F7-8381-904432F0C879}.Debug|Any CPU.Build.0 = Debug|Any CPU
		{50EFD78E-6A94-49F7-8381-904432F0C879}.Release|Any CPU.ActiveCfg = Release|Any CPU
		{50EFD78E-6A94-49F7-8381-904432F0C879}.Release|Any CPU.Build.0 = Release|Any CPU
		{D35F4539-B343-414D-8AE9-7E70A6DB63C6}.Debug|Any CPU.ActiveCfg = Debug|Any CPU
		{D35F4539-B343-414D-8AE9-7E70A6DB63C6}.Debug|Any CPU.Build.0 = Debug|Any CPU
		{D35F4539-B343-414D-8AE9-7E70A6DB63C6}.Release|Any CPU.ActiveCfg = Release|Any CPU
		{D35F4539-B343-414D-8AE9-7E70A6DB63C6}.Release|Any CPU.Build.0 = Release|Any CPU
		{45CF31D1-8650-4223-B924-84BE7CB8EF0F}.Debug|Any CPU.ActiveCfg = Debug|Any CPU
		{45CF31D1-8650-4223-B924-84BE7CB8EF0F}.Debug|Any CPU.Build.0 = Debug|Any CPU
		{45CF31D1-8650-4223-B924-84BE7CB8EF0F}.Release|Any CPU.ActiveCfg = Release|Any CPU
		{45CF31D1-8650-4223-B924-84BE7CB8EF0F}.Release|Any CPU.Build.0 = Release|Any CPU
		{31EEECD9-A869-4B01-8346-EE4E1AB9FFD6}.Debug|Any CPU.ActiveCfg = Debug|Any CPU
		{31EEECD9-A869-4B01-8346-EE4E1AB9FFD6}.Debug|Any CPU.Build.0 = Debug|Any CPU
		{31EEECD9-A869-4B01-8346-EE4E1AB9FFD6}.Release|Any CPU.ActiveCfg = Release|Any CPU
		{31EEECD9-A869-4B01-8346-EE4E1AB9FFD6}.Release|Any CPU.Build.0 = Release|Any CPU
		{6F99E548-93E2-4058-8CF2-2E5B7ED39DBF}.Debug|Any CPU.ActiveCfg = Debug|Any CPU
		{6F99E548-93E2-4058-8CF2-2E5B7ED39DBF}.Debug|Any CPU.Build.0 = Debug|Any CPU
		{6F99E548-93E2-4058-8CF2-2E5B7ED39DBF}.Release|Any CPU.ActiveCfg = Release|Any CPU
		{6F99E548-93E2-4058-8CF2-2E5B7ED39DBF}.Release|Any CPU.Build.0 = Release|Any CPU
		{439918B6-68F1-4159-8C49-85BE7C5F3542}.Debug|Any CPU.ActiveCfg = Debug|Any CPU
		{439918B6-68F1-4159-8C49-85BE7C5F3542}.Debug|Any CPU.Build.0 = Debug|Any CPU
		{439918B6-68F1-4159-8C49-85BE7C5F3542}.Release|Any CPU.ActiveCfg = Release|Any CPU
		{439918B6-68F1-4159-8C49-85BE7C5F3542}.Release|Any CPU.Build.0 = Release|Any CPU
		{092B0827-06A1-4D20-BA10-F49FF3626165}.Debug|Any CPU.ActiveCfg = Debug|Any CPU
		{092B0827-06A1-4D20-BA10-F49FF3626165}.Debug|Any CPU.Build.0 = Debug|Any CPU
		{092B0827-06A1-4D20-BA10-F49FF3626165}.Release|Any CPU.ActiveCfg = Release|Any CPU
		{092B0827-06A1-4D20-BA10-F49FF3626165}.Release|Any CPU.Build.0 = Release|Any CPU
		{1A5C7535-B013-4465-923F-AED2A58D13BE}.Debug|Any CPU.ActiveCfg = Debug|Any CPU
		{1A5C7535-B013-4465-923F-AED2A58D13BE}.Debug|Any CPU.Build.0 = Debug|Any CPU
		{1A5C7535-B013-4465-923F-AED2A58D13BE}.Release|Any CPU.ActiveCfg = Release|Any CPU
		{1A5C7535-B013-4465-923F-AED2A58D13BE}.Release|Any CPU.Build.0 = Release|Any CPU
		{FA3F968A-1248-48E6-84AD-52021AA75F93}.Debug|Any CPU.ActiveCfg = Debug|Any CPU
		{FA3F968A-1248-48E6-84AD-52021AA75F93}.Debug|Any CPU.Build.0 = Debug|Any CPU
		{FA3F968A-1248-48E6-84AD-52021AA75F93}.Release|Any CPU.ActiveCfg = Release|Any CPU
		{FA3F968A-1248-48E6-84AD-52021AA75F93}.Release|Any CPU.Build.0 = Release|Any CPU
		{896C5ACA-81B7-4842-B147-0F9B478B6AAF}.Debug|Any CPU.ActiveCfg = Debug|Any CPU
		{896C5ACA-81B7-4842-B147-0F9B478B6AAF}.Debug|Any CPU.Build.0 = Debug|Any CPU
		{896C5ACA-81B7-4842-B147-0F9B478B6AAF}.Release|Any CPU.ActiveCfg = Release|Any CPU
		{896C5ACA-81B7-4842-B147-0F9B478B6AAF}.Release|Any CPU.Build.0 = Release|Any CPU
		{BA641749-4E99-4FA5-B2D8-D1BDBB70E0DA}.Debug|Any CPU.ActiveCfg = Debug|Any CPU
		{BA641749-4E99-4FA5-B2D8-D1BDBB70E0DA}.Debug|Any CPU.Build.0 = Debug|Any CPU
		{BA641749-4E99-4FA5-B2D8-D1BDBB70E0DA}.Release|Any CPU.ActiveCfg = Release|Any CPU
		{BA641749-4E99-4FA5-B2D8-D1BDBB70E0DA}.Release|Any CPU.Build.0 = Release|Any CPU
		{F61BDA05-CA0F-449A-8E64-BAB766AD4542}.Debug|Any CPU.ActiveCfg = Debug|Any CPU
		{F61BDA05-CA0F-449A-8E64-BAB766AD4542}.Debug|Any CPU.Build.0 = Debug|Any CPU
		{F61BDA05-CA0F-449A-8E64-BAB766AD4542}.Release|Any CPU.ActiveCfg = Release|Any CPU
		{F61BDA05-CA0F-449A-8E64-BAB766AD4542}.Release|Any CPU.Build.0 = Release|Any CPU
		{1AEB3861-C16B-4B9F-8908-14B036086B00}.Debug|Any CPU.ActiveCfg = Debug|Any CPU
		{1AEB3861-C16B-4B9F-8908-14B036086B00}.Debug|Any CPU.Build.0 = Debug|Any CPU
		{1AEB3861-C16B-4B9F-8908-14B036086B00}.Release|Any CPU.ActiveCfg = Release|Any CPU
		{1AEB3861-C16B-4B9F-8908-14B036086B00}.Release|Any CPU.Build.0 = Release|Any CPU
		{3A421107-B62C-4379-8D77-BB49B18C276F}.Debug|Any CPU.ActiveCfg = Debug|Any CPU
		{3A421107-B62C-4379-8D77-BB49B18C276F}.Debug|Any CPU.Build.0 = Debug|Any CPU
		{3A421107-B62C-4379-8D77-BB49B18C276F}.Release|Any CPU.ActiveCfg = Release|Any CPU
		{3A421107-B62C-4379-8D77-BB49B18C276F}.Release|Any CPU.Build.0 = Release|Any CPU
		{44F2FD9D-B146-4223-99B5-E0D3FC3F165E}.Debug|Any CPU.ActiveCfg = Debug|Any CPU
		{44F2FD9D-B146-4223-99B5-E0D3FC3F165E}.Debug|Any CPU.Build.0 = Debug|Any CPU
		{44F2FD9D-B146-4223-99B5-E0D3FC3F165E}.Release|Any CPU.ActiveCfg = Release|Any CPU
		{44F2FD9D-B146-4223-99B5-E0D3FC3F165E}.Release|Any CPU.Build.0 = Release|Any CPU
	EndGlobalSection
	GlobalSection(SolutionProperties) = preSolution
		HideSolutionNode = FALSE
	EndGlobalSection
	GlobalSection(NestedProjects) = preSolution
		{6F6D4BA9-A056-47EE-8B55-3998B74769FF} = {2DD74459-77FB-4B0C-AEE8-431191BE135E}
		{15FA6E5E-B0E0-412A-8339-0161FEB106CB} = {2DD74459-77FB-4B0C-AEE8-431191BE135E}
		{A053C1C0-CA06-44A2-8C96-A1248F1C4B7D} = {2DD74459-77FB-4B0C-AEE8-431191BE135E}
		{FF4C7366-D233-4A1B-8C3F-06F7446754F1} = {2DD74459-77FB-4B0C-AEE8-431191BE135E}
		{50EFD78E-6A94-49F7-8381-904432F0C879} = {2DD74459-77FB-4B0C-AEE8-431191BE135E}
		{D35F4539-B343-414D-8AE9-7E70A6DB63C6} = {4054001A-D258-4F41-81CB-C6540C787D8F}
		{45CF31D1-8650-4223-B924-84BE7CB8EF0F} = {4054001A-D258-4F41-81CB-C6540C787D8F}
		{31EEECD9-A869-4B01-8346-EE4E1AB9FFD6} = {4054001A-D258-4F41-81CB-C6540C787D8F}
		{6F99E548-93E2-4058-8CF2-2E5B7ED39DBF} = {4054001A-D258-4F41-81CB-C6540C787D8F}
		{439918B6-68F1-4159-8C49-85BE7C5F3542} = {4054001A-D258-4F41-81CB-C6540C787D8F}
		{092B0827-06A1-4D20-BA10-F49FF3626165} = {1A927499-3B80-4ABC-85A9-044194A1AD0B}
		{1A5C7535-B013-4465-923F-AED2A58D13BE} = {1A927499-3B80-4ABC-85A9-044194A1AD0B}
		{FA3F968A-1248-48E6-84AD-52021AA75F93} = {1A927499-3B80-4ABC-85A9-044194A1AD0B}
		{896C5ACA-81B7-4842-B147-0F9B478B6AAF} = {1A927499-3B80-4ABC-85A9-044194A1AD0B}
		{BA641749-4E99-4FA5-B2D8-D1BDBB70E0DA} = {4CD65B76-8E29-4322-A70C-FB267EF8FEAB}
		{F61BDA05-CA0F-449A-8E64-BAB766AD4542} = {4CD65B76-8E29-4322-A70C-FB267EF8FEAB}
		{1AEB3861-C16B-4B9F-8908-14B036086B00} = {4CD65B76-8E29-4322-A70C-FB267EF8FEAB}
		{3A421107-B62C-4379-8D77-BB49B18C276F} = {4CD65B76-8E29-4322-A70C-FB267EF8FEAB}
		{44F2FD9D-B146-4223-99B5-E0D3FC3F165E} = {405122C2-6B48-4959-BB48-A8E6731FF764}
	EndGlobalSection
	GlobalSection(ExtensibilityGlobals) = postSolution
		SolutionGuid = {9F0D346C-7639-469E-98F7-790279C46B25}
	EndGlobalSection
EndGlobal
